
Microsoft Visual Studio Solution File, Format Version 12.00
# Visual Studio 15
VisualStudioVersion = 15.0.27703.2042
MinimumVisualStudioVersion = 10.0.40219.1
Project("{8BC9CEB8-8B4A-11D0-8D11-00A0C91BC942}") = "pyuvplayer_2017", "pyuvplayer_2017.vcxproj", "{4BA70D11-9A68-4B3E-981B-D0F747D0DF7F}"
EndProject
Global
	GlobalSection(SolutionConfigurationPlatforms) = preSolution
		Debug|x86 = Debug|x86
		Release|x86 = Release|x86
	EndGlobalSection
	GlobalSection(ProjectConfigurationPlatforms) = postSolution
		{4BA70D11-9A68-4B3E-981B-D0F747D0DF7F}.Debug|x86.ActiveCfg = Debug|Win32
		{4BA70D11-9A68-4B3E-981B-D0F747D0DF7F}.Debug|x86.Build.0 = Debug|Win32
		{4BA70D11-9A68-4B3E-981B-D0F747D0DF7F}.Release|x86.ActiveCfg = Release|Win32
		{4BA70D11-9A68-4B3E-981B-D0F747D0DF7F}.Release|x86.Build.0 = Release|Win32
	EndGlobalSection
	GlobalSection(SolutionProperties) = preSolution
		HideSolutionNode = FALSE
	EndGlobalSection
	GlobalSection(ExtensibilityGlobals) = postSolution
		SolutionGuid = {571A20EF-DC4A-4D33-ADBF-0CD0820F5996}
	EndGlobalSection
EndGlobal
